
Microsoft Visual Studio Solution File, Format Version 12.00
# Visual Studio 14
VisualStudioVersion = 14.0.23107.0
MinimumVisualStudioVersion = 10.0.40219.1
Project("{FAE04EC0-301F-11D3-BF4B-00C04F79EFBC}") = "IntilaQ.ComputerTests.Windows", "IntilaQ.ComputerTests.Windows\IntilaQ.ComputerTests.Windows.csproj", "{E43D10B8-9315-4544-A6DC-C00DAE3B1084}"
EndProject
Project("{2150E333-8FDC-42A3-9474-1A3956D46DE8}") = "Server", "Server", "{1E1F5E4E-5B3C-4BCB-9918-3A4D0E40A454}"
EndProject
Project("{FAE04EC0-301F-11D3-BF4B-00C04F79EFBC}") = "IntilaQ.ComputerTests.Web", "IntilaQ.ComputerTests.Web\IntilaQ.ComputerTests.Web.csproj", "{1668536D-0951-4CF8-9583-F0E5A0994117}"
EndProject
Project("{2150E333-8FDC-42A3-9474-1A3956D46DE8}") = "Clients", "Clients", "{232D5583-43E8-4721-A2DB-0D5E8BC06A71}"
EndProject
Project("{2150E333-8FDC-42A3-9474-1A3956D46DE8}") = "Screenshots", "Screenshots", "{8B1AB853-E680-4EB9-889C-B621DC9B9ACB}"
	ProjectSection(SolutionItems) = preProject
		Screenshots\windows1.png = Screenshots\windows1.png
		Screenshots\windows2.png = Screenshots\windows2.png
		Screenshots\windows3.png = Screenshots\windows3.png
	EndProjectSection
EndProject
Project("{2150E333-8FDC-42A3-9474-1A3956D46DE8}") = "Packages", "Packages", "{6822D75C-D171-43C8-B7F9-4973FF33C744}"
	ProjectSection(SolutionItems) = preProject
		..\..\..\..\..\Program Files (x86)\Telerik\UI for Windows Universal Q2 2015\SDKs\Windows 8.1\Telerik UI for Windows Universal\extension.vsixmanifest = ..\..\..\..\..\Program Files (x86)\Telerik\UI for Windows Universal Q2 2015\SDKs\Windows 8.1\Telerik UI for Windows Universal\extension.vsixmanifest
		..\..\..\..\..\Program Files (x86)\Telerik\UI for Windows Universal Q2 2015\SDKs\Windows 8.1\Telerik UI for Windows Universal\SDKManifest.xml = ..\..\..\..\..\Program Files (x86)\Telerik\UI for Windows Universal Q2 2015\SDKs\Windows 8.1\Telerik UI for Windows Universal\SDKManifest.xml
		..\..\..\..\..\Program Files (x86)\Telerik\UI for Windows Universal Q2 2015\SDKs\Windows 8.1\Telerik UI for Windows Universal\Telerik.Core.dll = ..\..\..\..\..\Program Files (x86)\Telerik\UI for Windows Universal Q2 2015\SDKs\Windows 8.1\Telerik UI for Windows Universal\Telerik.Core.dll
		..\..\..\..\..\Program Files (x86)\Telerik\UI for Windows Universal Q2 2015\SDKs\Windows 8.1\Telerik UI for Windows Universal\Telerik.Core.pdb = ..\..\..\..\..\Program Files (x86)\Telerik\UI for Windows Universal Q2 2015\SDKs\Windows 8.1\Telerik UI for Windows Universal\Telerik.Core.pdb
		..\..\..\..\..\Program Files (x86)\Telerik\UI for Windows Universal Q2 2015\SDKs\Windows 8.1\Telerik UI for Windows Universal\Telerik.Data.dll = ..\..\..\..\..\Program Files (x86)\Telerik\UI for Windows Universal Q2 2015\SDKs\Windows 8.1\Telerik UI for Windows Universal\Telerik.Data.dll
		..\..\..\..\..\Program Files (x86)\Telerik\UI for Windows Universal Q2 2015\SDKs\Windows 8.1\Telerik UI for Windows Universal\Telerik.Data.pdb = ..\..\..\..\..\Program Files (x86)\Telerik\UI for Windows Universal Q2 2015\SDKs\Windows 8.1\Telerik UI for Windows Universal\Telerik.Data.pdb
		..\..\..\..\..\Program Files (x86)\Telerik\UI for Windows Universal Q2 2015\SDKs\Windows 8.1\Telerik UI for Windows Universal\Telerik.UI.Xaml.Chart.dll = ..\..\..\..\..\Program Files (x86)\Telerik\UI for Windows Universal Q2 2015\SDKs\Windows 8.1\Telerik UI for Windows Universal\Telerik.UI.Xaml.Chart.dll
		..\..\..\..\..\Program Files (x86)\Telerik\UI for Windows Universal Q2 2015\SDKs\Windows 8.1\Telerik UI for Windows Universal\Telerik.UI.Xaml.Chart.pdb = ..\..\..\..\..\Program Files (x86)\Telerik\UI for Windows Universal Q2 2015\SDKs\Windows 8.1\Telerik UI for Windows Universal\Telerik.UI.Xaml.Chart.pdb
		..\..\..\..\..\Program Files (x86)\Telerik\UI for Windows Universal Q2 2015\SDKs\Windows 8.1\Telerik UI for Windows Universal\Telerik.UI.Xaml.Controls.Data.dll = ..\..\..\..\..\Program Files (x86)\Telerik\UI for Windows Universal Q2 2015\SDKs\Windows 8.1\Telerik UI for Windows Universal\Telerik.UI.Xaml.Controls.Data.dll
		..\..\..\..\..\Program Files (x86)\Telerik\UI for Windows Universal Q2 2015\SDKs\Windows 8.1\Telerik UI for Windows Universal\Telerik.UI.Xaml.Controls.Data.pdb = ..\..\..\..\..\Program Files (x86)\Telerik\UI for Windows Universal Q2 2015\SDKs\Windows 8.1\Telerik UI for Windows Universal\Telerik.UI.Xaml.Controls.Data.pdb
		..\..\..\..\..\Program Files (x86)\Telerik\UI for Windows Universal Q2 2015\SDKs\Windows 8.1\Telerik UI for Windows Universal\Telerik.UI.Xaml.DataVisualization.dll = ..\..\..\..\..\Program Files (x86)\Telerik\UI for Windows Universal Q2 2015\SDKs\Windows 8.1\Telerik UI for Windows Universal\Telerik.UI.Xaml.DataVisualization.dll
		..\..\..\..\..\Program Files (x86)\Telerik\UI for Windows Universal Q2 2015\SDKs\Windows 8.1\Telerik UI for Windows Universal\Telerik.UI.Xaml.DataVisualization.pdb = ..\..\..\..\..\Program Files (x86)\Telerik\UI for Windows Universal Q2 2015\SDKs\Windows 8.1\Telerik UI for Windows Universal\Telerik.UI.Xaml.DataVisualization.pdb
		..\..\..\..\..\Program Files (x86)\Telerik\UI for Windows Universal Q2 2015\SDKs\Windows 8.1\Telerik UI for Windows Universal\Telerik.UI.Xaml.Grid.dll = ..\..\..\..\..\Program Files (x86)\Telerik\UI for Windows Universal Q2 2015\SDKs\Windows 8.1\Telerik UI for Windows Universal\Telerik.UI.Xaml.Grid.dll
		..\..\..\..\..\Program Files (x86)\Telerik\UI for Windows Universal Q2 2015\SDKs\Windows 8.1\Telerik UI for Windows Universal\Telerik.UI.Xaml.Grid.pdb = ..\..\..\..\..\Program Files (x86)\Telerik\UI for Windows Universal Q2 2015\SDKs\Windows 8.1\Telerik UI for Windows Universal\Telerik.UI.Xaml.Grid.pdb
		..\..\..\..\..\Program Files (x86)\Telerik\UI for Windows Universal Q2 2015\SDKs\Windows 8.1\Telerik UI for Windows Universal\Telerik.UI.Xaml.Input.dll = ..\..\..\..\..\Program Files (x86)\Telerik\UI for Windows Universal Q2 2015\SDKs\Windows 8.1\Telerik UI for Windows Universal\Telerik.UI.Xaml.Input.dll
		..\..\..\..\..\Program Files (x86)\Telerik\UI for Windows Universal Q2 2015\SDKs\Windows 8.1\Telerik UI for Windows Universal\Telerik.UI.Xaml.Input.pdb = ..\..\..\..\..\Program Files (x86)\Telerik\UI for Windows Universal Q2 2015\SDKs\Windows 8.1\Telerik UI for Windows Universal\Telerik.UI.Xaml.Input.pdb
		..\..\..\..\..\Program Files (x86)\Telerik\UI for Windows Universal Q2 2015\SDKs\Windows 8.1\Telerik UI for Windows Universal\Telerik.UI.Xaml.Primitives.dll = ..\..\..\..\..\Program Files (x86)\Telerik\UI for Windows Universal Q2 2015\SDKs\Windows 8.1\Telerik UI for Windows Universal\Telerik.UI.Xaml.Primitives.dll
		..\..\..\..\..\Program Files (x86)\Telerik\UI for Windows Universal Q2 2015\SDKs\Windows 8.1\Telerik UI for Windows Universal\Telerik.UI.Xaml.Primitives.pdb = ..\..\..\..\..\Program Files (x86)\Telerik\UI for Windows Universal Q2 2015\SDKs\Windows 8.1\Telerik UI for Windows Universal\Telerik.UI.Xaml.Primitives.pdb
	EndProjectSection
EndProject
Project("{2150E333-8FDC-42A3-9474-1A3956D46DE8}") = "IntilaQ.ComputerTests.Windows", "IntilaQ.ComputerTests.Windows", "{245C177E-3D63-41B1-B683-2EA898CE011B}"
EndProject
Project("{D954291E-2A0B-460D-934E-DC6B0785DB48}") = "IntilaQ.ComputerTests.Windows.Shared", "IntilaQ.ComputerTests.Windows.Shared\IntilaQ.ComputerTests.Windows.Shared.shproj", "{7D81FC98-7F62-40FD-AD09-044958F14569}"
EndProject
Project("{FAE04EC0-301F-11D3-BF4B-00C04F79EFBC}") = "IntilaQ.ComputerTests.Windows.WindowsPhone", "IntilaQ.ComputerTests.Windows.WindowsPhone\IntilaQ.ComputerTests.Windows.WindowsPhone.csproj", "{3D65EF5B-8BEC-451E-85B9-6893282E6242}"
EndProject
Global
	GlobalSection(SharedMSBuildProjectFiles) = preSolution
		IntilaQ.ComputerTests.Windows.Shared\IntilaQ.ComputerTests.Windows.Shared.projitems*{e43d10b8-9315-4544-a6dc-c00dae3b1084}*SharedItemsImports = 4
		IntilaQ.ComputerTests.Windows.Shared\IntilaQ.ComputerTests.Windows.Shared.projitems*{3d65ef5b-8bec-451e-85b9-6893282e6242}*SharedItemsImports = 4
		IntilaQ.ComputerTests.Windows.Shared\IntilaQ.ComputerTests.Windows.Shared.projitems*{7d81fc98-7f62-40fd-ad09-044958f14569}*SharedItemsImports = 13
	EndGlobalSection
	GlobalSection(SolutionConfigurationPlatforms) = preSolution
		Debug|Any CPU = Debug|Any CPU
		Debug|ARM = Debug|ARM
		Debug|x64 = Debug|x64
		Debug|x86 = Debug|x86
		Release|Any CPU = Release|Any CPU
		Release|ARM = Release|ARM
		Release|x64 = Release|x64
		Release|x86 = Release|x86
	EndGlobalSection
	GlobalSection(ProjectConfigurationPlatforms) = postSolution
		{E43D10B8-9315-4544-A6DC-C00DAE3B1084}.Debug|Any CPU.ActiveCfg = Debug|Any CPU
		{E43D10B8-9315-4544-A6DC-C00DAE3B1084}.Debug|Any CPU.Build.0 = Debug|Any CPU
		{E43D10B8-9315-4544-A6DC-C00DAE3B1084}.Debug|Any CPU.Deploy.0 = Debug|Any CPU
		{E43D10B8-9315-4544-A6DC-C00DAE3B1084}.Debug|ARM.ActiveCfg = Debug|ARM
		{E43D10B8-9315-4544-A6DC-C00DAE3B1084}.Debug|ARM.Build.0 = Debug|ARM
		{E43D10B8-9315-4544-A6DC-C00DAE3B1084}.Debug|ARM.Deploy.0 = Debug|ARM
		{E43D10B8-9315-4544-A6DC-C00DAE3B1084}.Debug|x64.ActiveCfg = Debug|x64
		{E43D10B8-9315-4544-A6DC-C00DAE3B1084}.Debug|x64.Build.0 = Debug|x64
		{E43D10B8-9315-4544-A6DC-C00DAE3B1084}.Debug|x64.Deploy.0 = Debug|x64
		{E43D10B8-9315-4544-A6DC-C00DAE3B1084}.Debug|x86.ActiveCfg = Debug|x86
		{E43D10B8-9315-4544-A6DC-C00DAE3B1084}.Debug|x86.Build.0 = Debug|x86
		{E43D10B8-9315-4544-A6DC-C00DAE3B1084}.Debug|x86.Deploy.0 = Debug|x86
		{E43D10B8-9315-4544-A6DC-C00DAE3B1084}.Release|Any CPU.ActiveCfg = Release|Any CPU
		{E43D10B8-9315-4544-A6DC-C00DAE3B1084}.Release|Any CPU.Build.0 = Release|Any CPU
		{E43D10B8-9315-4544-A6DC-C00DAE3B1084}.Release|Any CPU.Deploy.0 = Release|Any CPU
		{E43D10B8-9315-4544-A6DC-C00DAE3B1084}.Release|ARM.ActiveCfg = Release|ARM
		{E43D10B8-9315-4544-A6DC-C00DAE3B1084}.Release|ARM.Build.0 = Release|ARM
		{E43D10B8-9315-4544-A6DC-C00DAE3B1084}.Release|ARM.Deploy.0 = Release|ARM
		{E43D10B8-9315-4544-A6DC-C00DAE3B1084}.Release|x64.ActiveCfg = Release|x64
		{E43D10B8-9315-4544-A6DC-C00DAE3B1084}.Release|x64.Build.0 = Release|x64
		{E43D10B8-9315-4544-A6DC-C00DAE3B1084}.Release|x64.Deploy.0 = Release|x64
		{E43D10B8-9315-4544-A6DC-C00DAE3B1084}.Release|x86.ActiveCfg = Release|x86
		{E43D10B8-9315-4544-A6DC-C00DAE3B1084}.Release|x86.Build.0 = Release|x86
		{E43D10B8-9315-4544-A6DC-C00DAE3B1084}.Release|x86.Deploy.0 = Release|x86
		{1668536D-0951-4CF8-9583-F0E5A0994117}.Debug|Any CPU.ActiveCfg = Debug|Any CPU
		{1668536D-0951-4CF8-9583-F0E5A0994117}.Debug|Any CPU.Build.0 = Debug|Any CPU
		{1668536D-0951-4CF8-9583-F0E5A0994117}.Debug|ARM.ActiveCfg = Debug|Any CPU
		{1668536D-0951-4CF8-9583-F0E5A0994117}.Debug|ARM.Build.0 = Debug|Any CPU
		{1668536D-0951-4CF8-9583-F0E5A0994117}.Debug|x64.ActiveCfg = Debug|Any CPU
		{1668536D-0951-4CF8-9583-F0E5A0994117}.Debug|x64.Build.0 = Debug|Any CPU
		{1668536D-0951-4CF8-9583-F0E5A0994117}.Debug|x86.ActiveCfg = Debug|Any CPU
		{1668536D-0951-4CF8-9583-F0E5A0994117}.Debug|x86.Build.0 = Debug|Any CPU
		{1668536D-0951-4CF8-9583-F0E5A0994117}.Release|Any CPU.ActiveCfg = Release|Any CPU
		{1668536D-0951-4CF8-9583-F0E5A0994117}.Release|Any CPU.Build.0 = Release|Any CPU
		{1668536D-0951-4CF8-9583-F0E5A0994117}.Release|ARM.ActiveCfg = Release|Any CPU
		{1668536D-0951-4CF8-9583-F0E5A0994117}.Release|ARM.Build.0 = Release|Any CPU
		{1668536D-0951-4CF8-9583-F0E5A0994117}.Release|x64.ActiveCfg = Release|Any CPU
		{1668536D-0951-4CF8-9583-F0E5A0994117}.Release|x64.Build.0 = Release|Any CPU
		{1668536D-0951-4CF8-9583-F0E5A0994117}.Release|x86.ActiveCfg = Release|Any CPU
		{1668536D-0951-4CF8-9583-F0E5A0994117}.Release|x86.Build.0 = Release|Any CPU
		{3D65EF5B-8BEC-451E-85B9-6893282E6242}.Debug|Any CPU.ActiveCfg = Debug|Any CPU
		{3D65EF5B-8BEC-451E-85B9-6893282E6242}.Debug|Any CPU.Build.0 = Debug|Any CPU
		{3D65EF5B-8BEC-451E-85B9-6893282E6242}.Debug|Any CPU.Deploy.0 = Debug|Any CPU
		{3D65EF5B-8BEC-451E-85B9-6893282E6242}.Debug|ARM.ActiveCfg = Debug|ARM
		{3D65EF5B-8BEC-451E-85B9-6893282E6242}.Debug|ARM.Build.0 = Debug|ARM
		{3D65EF5B-8BEC-451E-85B9-6893282E6242}.Debug|ARM.Deploy.0 = Debug|ARM
		{3D65EF5B-8BEC-451E-85B9-6893282E6242}.Debug|x64.ActiveCfg = Debug|Any CPU
		{3D65EF5B-8BEC-451E-85B9-6893282E6242}.Debug|x64.Build.0 = Debug|Any CPU
		{3D65EF5B-8BEC-451E-85B9-6893282E6242}.Debug|x64.Deploy.0 = Debug|Any CPU
		{3D65EF5B-8BEC-451E-85B9-6893282E6242}.Debug|x86.ActiveCfg = Debug|x86
		{3D65EF5B-8BEC-451E-85B9-6893282E6242}.Debug|x86.Build.0 = Debug|x86
		{3D65EF5B-8BEC-451E-85B9-6893282E6242}.Debug|x86.Deploy.0 = Debug|x86
		{3D65EF5B-8BEC-451E-85B9-6893282E6242}.Release|Any CPU.ActiveCfg = Release|Any CPU
		{3D65EF5B-8BEC-451E-85B9-6893282E6242}.Release|Any CPU.Build.0 = Release|Any CPU
		{3D65EF5B-8BEC-451E-85B9-6893282E6242}.Release|Any CPU.Deploy.0 = Release|Any CPU
		{3D65EF5B-8BEC-451E-85B9-6893282E6242}.Release|ARM.ActiveCfg = Release|ARM
		{3D65EF5B-8BEC-451E-85B9-6893282E6242}.Release|ARM.Build.0 = Release|ARM
		{3D65EF5B-8BEC-451E-85B9-6893282E6242}.Release|ARM.Deploy.0 = Release|ARM
		{3D65EF5B-8BEC-451E-85B9-6893282E6242}.Release|x64.ActiveCfg = Release|Any CPU
		{3D65EF5B-8BEC-451E-85B9-6893282E6242}.Release|x64.Build.0 = Release|Any CPU
		{3D65EF5B-8BEC-451E-85B9-6893282E6242}.Release|x64.Deploy.0 = Release|Any CPU
		{3D65EF5B-8BEC-451E-85B9-6893282E6242}.Release|x86.ActiveCfg = Release|x86
		{3D65EF5B-8BEC-451E-85B9-6893282E6242}.Release|x86.Build.0 = Release|x86
		{3D65EF5B-8BEC-451E-85B9-6893282E6242}.Release|x86.Deploy.0 = Release|x86
	EndGlobalSection
	GlobalSection(SolutionProperties) = preSolution
		HideSolutionNode = FALSE
	EndGlobalSection
	GlobalSection(NestedProjects) = preSolution
		{E43D10B8-9315-4544-A6DC-C00DAE3B1084} = {245C177E-3D63-41B1-B683-2EA898CE011B}
		{1668536D-0951-4CF8-9583-F0E5A0994117} = {1E1F5E4E-5B3C-4BCB-9918-3A4D0E40A454}
		{8B1AB853-E680-4EB9-889C-B621DC9B9ACB} = {232D5583-43E8-4721-A2DB-0D5E8BC06A71}
		{245C177E-3D63-41B1-B683-2EA898CE011B} = {232D5583-43E8-4721-A2DB-0D5E8BC06A71}
		{7D81FC98-7F62-40FD-AD09-044958F14569} = {245C177E-3D63-41B1-B683-2EA898CE011B}
		{3D65EF5B-8BEC-451E-85B9-6893282E6242} = {245C177E-3D63-41B1-B683-2EA898CE011B}
	EndGlobalSection
EndGlobal
