
Microsoft Visual Studio Solution File, Format Version 12.00
# Visual Studio 14
VisualStudioVersion = 14.0.23023.0
MinimumVisualStudioVersion = 10.0.40219.1
Project("{FAE04EC0-301F-11D3-BF4B-00C04F79EFBC}") = "IntilaQ.ComputerTests.Windows", "IntilaQ.ComputerTests.Windows\IntilaQ.ComputerTests.Windows.csproj", "{E43D10B8-9315-4544-A6DC-C00DAE3B1084}"
EndProject
Project("{FAE04EC0-301F-11D3-BF4B-00C04F79EFBC}") = "IntilaQ.ComputerTests.Client", "IntilaQ.ComputerTests.Client\IntilaQ.ComputerTests.Client.csproj", "{E47AF1EC-8310-4416-82BE-EA8C24ECCA61}"
EndProject
Project("{2150E333-8FDC-42A3-9474-1A3956D46DE8}") = "Server", "Server", "{1E1F5E4E-5B3C-4BCB-9918-3A4D0E40A454}"
EndProject
Project("{FAE04EC0-301F-11D3-BF4B-00C04F79EFBC}") = "IntilaQ.ComputerTests.Web", "IntilaQ.ComputerTests.Web\IntilaQ.ComputerTests.Web.csproj", "{1668536D-0951-4CF8-9583-F0E5A0994117}"
EndProject
Project("{2150E333-8FDC-42A3-9474-1A3956D46DE8}") = "Clients", "Clients", "{232D5583-43E8-4721-A2DB-0D5E8BC06A71}"
EndProject
Project("{2150E333-8FDC-42A3-9474-1A3956D46DE8}") = "Screenshots", "Screenshots", "{8B1AB853-E680-4EB9-889C-B621DC9B9ACB}"
	ProjectSection(SolutionItems) = preProject
		Screenshots\windows1.png = Screenshots\windows1.png
		Screenshots\windows2.png = Screenshots\windows2.png
		Screenshots\windows3.png = Screenshots\windows3.png
	EndProjectSection
EndProject
Global
	GlobalSection(SolutionConfigurationPlatforms) = preSolution
		Debug|Any CPU = Debug|Any CPU
		Debug|ARM = Debug|ARM
		Debug|x64 = Debug|x64
		Debug|x86 = Debug|x86
		Release|Any CPU = Release|Any CPU
		Release|ARM = Release|ARM
		Release|x64 = Release|x64
		Release|x86 = Release|x86
	EndGlobalSection
	GlobalSection(ProjectConfigurationPlatforms) = postSolution
		{E43D10B8-9315-4544-A6DC-C00DAE3B1084}.Debug|Any CPU.ActiveCfg = Debug|Any CPU
		{E43D10B8-9315-4544-A6DC-C00DAE3B1084}.Debug|Any CPU.Build.0 = Debug|Any CPU
		{E43D10B8-9315-4544-A6DC-C00DAE3B1084}.Debug|Any CPU.Deploy.0 = Debug|Any CPU
		{E43D10B8-9315-4544-A6DC-C00DAE3B1084}.Debug|ARM.ActiveCfg = Debug|ARM
		{E43D10B8-9315-4544-A6DC-C00DAE3B1084}.Debug|ARM.Build.0 = Debug|ARM
		{E43D10B8-9315-4544-A6DC-C00DAE3B1084}.Debug|ARM.Deploy.0 = Debug|ARM
		{E43D10B8-9315-4544-A6DC-C00DAE3B1084}.Debug|x64.ActiveCfg = Debug|x64
		{E43D10B8-9315-4544-A6DC-C00DAE3B1084}.Debug|x64.Build.0 = Debug|x64
		{E43D10B8-9315-4544-A6DC-C00DAE3B1084}.Debug|x64.Deploy.0 = Debug|x64
		{E43D10B8-9315-4544-A6DC-C00DAE3B1084}.Debug|x86.ActiveCfg = Debug|x86
		{E43D10B8-9315-4544-A6DC-C00DAE3B1084}.Debug|x86.Build.0 = Debug|x86
		{E43D10B8-9315-4544-A6DC-C00DAE3B1084}.Debug|x86.Deploy.0 = Debug|x86
		{E43D10B8-9315-4544-A6DC-C00DAE3B1084}.Release|Any CPU.ActiveCfg = Release|Any CPU
		{E43D10B8-9315-4544-A6DC-C00DAE3B1084}.Release|Any CPU.Build.0 = Release|Any CPU
		{E43D10B8-9315-4544-A6DC-C00DAE3B1084}.Release|Any CPU.Deploy.0 = Release|Any CPU
		{E43D10B8-9315-4544-A6DC-C00DAE3B1084}.Release|ARM.ActiveCfg = Release|ARM
		{E43D10B8-9315-4544-A6DC-C00DAE3B1084}.Release|ARM.Build.0 = Release|ARM
		{E43D10B8-9315-4544-A6DC-C00DAE3B1084}.Release|ARM.Deploy.0 = Release|ARM
		{E43D10B8-9315-4544-A6DC-C00DAE3B1084}.Release|x64.ActiveCfg = Release|x64
		{E43D10B8-9315-4544-A6DC-C00DAE3B1084}.Release|x64.Build.0 = Release|x64
		{E43D10B8-9315-4544-A6DC-C00DAE3B1084}.Release|x64.Deploy.0 = Release|x64
		{E43D10B8-9315-4544-A6DC-C00DAE3B1084}.Release|x86.ActiveCfg = Release|x86
		{E43D10B8-9315-4544-A6DC-C00DAE3B1084}.Release|x86.Build.0 = Release|x86
		{E43D10B8-9315-4544-A6DC-C00DAE3B1084}.Release|x86.Deploy.0 = Release|x86
		{E47AF1EC-8310-4416-82BE-EA8C24ECCA61}.Debug|Any CPU.ActiveCfg = Debug|Any CPU
		{E47AF1EC-8310-4416-82BE-EA8C24ECCA61}.Debug|Any CPU.Build.0 = Debug|Any CPU
		{E47AF1EC-8310-4416-82BE-EA8C24ECCA61}.Debug|ARM.ActiveCfg = Debug|Any CPU
		{E47AF1EC-8310-4416-82BE-EA8C24ECCA61}.Debug|ARM.Build.0 = Debug|Any CPU
		{E47AF1EC-8310-4416-82BE-EA8C24ECCA61}.Debug|x64.ActiveCfg = Debug|Any CPU
		{E47AF1EC-8310-4416-82BE-EA8C24ECCA61}.Debug|x64.Build.0 = Debug|Any CPU
		{E47AF1EC-8310-4416-82BE-EA8C24ECCA61}.Debug|x86.ActiveCfg = Debug|Any CPU
		{E47AF1EC-8310-4416-82BE-EA8C24ECCA61}.Debug|x86.Build.0 = Debug|Any CPU
		{E47AF1EC-8310-4416-82BE-EA8C24ECCA61}.Release|Any CPU.ActiveCfg = Release|Any CPU
		{E47AF1EC-8310-4416-82BE-EA8C24ECCA61}.Release|Any CPU.Build.0 = Release|Any CPU
		{E47AF1EC-8310-4416-82BE-EA8C24ECCA61}.Release|ARM.ActiveCfg = Release|Any CPU
		{E47AF1EC-8310-4416-82BE-EA8C24ECCA61}.Release|ARM.Build.0 = Release|Any CPU
		{E47AF1EC-8310-4416-82BE-EA8C24ECCA61}.Release|x64.ActiveCfg = Release|Any CPU
		{E47AF1EC-8310-4416-82BE-EA8C24ECCA61}.Release|x64.Build.0 = Release|Any CPU
		{E47AF1EC-8310-4416-82BE-EA8C24ECCA61}.Release|x86.ActiveCfg = Release|Any CPU
		{E47AF1EC-8310-4416-82BE-EA8C24ECCA61}.Release|x86.Build.0 = Release|Any CPU
		{1668536D-0951-4CF8-9583-F0E5A0994117}.Debug|Any CPU.ActiveCfg = Debug|Any CPU
		{1668536D-0951-4CF8-9583-F0E5A0994117}.Debug|Any CPU.Build.0 = Debug|Any CPU
		{1668536D-0951-4CF8-9583-F0E5A0994117}.Debug|ARM.ActiveCfg = Debug|Any CPU
		{1668536D-0951-4CF8-9583-F0E5A0994117}.Debug|ARM.Build.0 = Debug|Any CPU
		{1668536D-0951-4CF8-9583-F0E5A0994117}.Debug|x64.ActiveCfg = Debug|Any CPU
		{1668536D-0951-4CF8-9583-F0E5A0994117}.Debug|x64.Build.0 = Debug|Any CPU
		{1668536D-0951-4CF8-9583-F0E5A0994117}.Debug|x86.ActiveCfg = Debug|Any CPU
		{1668536D-0951-4CF8-9583-F0E5A0994117}.Debug|x86.Build.0 = Debug|Any CPU
		{1668536D-0951-4CF8-9583-F0E5A0994117}.Release|Any CPU.ActiveCfg = Release|Any CPU
		{1668536D-0951-4CF8-9583-F0E5A0994117}.Release|Any CPU.Build.0 = Release|Any CPU
		{1668536D-0951-4CF8-9583-F0E5A0994117}.Release|ARM.ActiveCfg = Release|Any CPU
		{1668536D-0951-4CF8-9583-F0E5A0994117}.Release|ARM.Build.0 = Release|Any CPU
		{1668536D-0951-4CF8-9583-F0E5A0994117}.Release|x64.ActiveCfg = Release|Any CPU
		{1668536D-0951-4CF8-9583-F0E5A0994117}.Release|x64.Build.0 = Release|Any CPU
		{1668536D-0951-4CF8-9583-F0E5A0994117}.Release|x86.ActiveCfg = Release|Any CPU
		{1668536D-0951-4CF8-9583-F0E5A0994117}.Release|x86.Build.0 = Release|Any CPU
	EndGlobalSection
	GlobalSection(SolutionProperties) = preSolution
		HideSolutionNode = FALSE
	EndGlobalSection
	GlobalSection(NestedProjects) = preSolution
		{E43D10B8-9315-4544-A6DC-C00DAE3B1084} = {232D5583-43E8-4721-A2DB-0D5E8BC06A71}
		{E47AF1EC-8310-4416-82BE-EA8C24ECCA61} = {232D5583-43E8-4721-A2DB-0D5E8BC06A71}
		{1668536D-0951-4CF8-9583-F0E5A0994117} = {1E1F5E4E-5B3C-4BCB-9918-3A4D0E40A454}
		{8B1AB853-E680-4EB9-889C-B621DC9B9ACB} = {232D5583-43E8-4721-A2DB-0D5E8BC06A71}
	EndGlobalSection
EndGlobal
